
Microsoft Visual Studio Solution File, Format Version 12.00
# Visual Studio 15
VisualStudioVersion = 15.0.27004.2002
MinimumVisualStudioVersion = 10.0.40219.1
Project("{FAE04EC0-301F-11D3-BF4B-00C04F79EFBC}") = "KernelParameters", "KernelParameters\KernelParameters.csproj", "{CC7BDA60-829E-4441-A795-69F638633671}"
EndProject
Project("{FAE04EC0-301F-11D3-BF4B-00C04F79EFBC}") = "SMPPClient", "SMPPClient\SMPPClient.csproj", "{209FB667-1C6B-4BF9-985F-454BC99BCB06}"
EndProject
Project("{FAE04EC0-301F-11D3-BF4B-00C04F79EFBC}") = "SmsClient", "SmsClient\SmsClient.csproj", "{30B70F22-EBDB-4B72-A608-D8CFF2835D2F}"
EndProject
Project("{FAE04EC0-301F-11D3-BF4B-00C04F79EFBC}") = "Tester", "Tester\Tester.csproj", "{FB0063EE-6D0A-4110-A534-0D3BC57D392F}"
EndProject
Project("{FAE04EC0-301F-11D3-BF4B-00C04F79EFBC}") = "Tools", "Tools\Tools.csproj", "{77405582-C5E8-41D8-8A9D-5CED3680F963}"
EndProject
Global
	GlobalSection(SolutionConfigurationPlatforms) = preSolution
		Debug|Any CPU = Debug|Any CPU
		Release|Any CPU = Release|Any CPU
	EndGlobalSection
	GlobalSection(ProjectConfigurationPlatforms) = postSolution
		{CC7BDA60-829E-4441-A795-69F638633671}.Debug|Any CPU.ActiveCfg = Debug|Any CPU
		{CC7BDA60-829E-4441-A795-69F638633671}.Debug|Any CPU.Build.0 = Debug|Any CPU
		{CC7BDA60-829E-4441-A795-69F638633671}.Release|Any CPU.ActiveCfg = Release|Any CPU
		{CC7BDA60-829E-4441-A795-69F638633671}.Release|Any CPU.Build.0 = Release|Any CPU
		{209FB667-1C6B-4BF9-985F-454BC99BCB06}.Debug|Any CPU.ActiveCfg = Debug|Any CPU
		{209FB667-1C6B-4BF9-985F-454BC99BCB06}.Debug|Any CPU.Build.0 = Debug|Any CPU
		{209FB667-1C6B-4BF9-985F-454BC99BCB06}.Release|Any CPU.ActiveCfg = Release|Any CPU
		{209FB667-1C6B-4BF9-985F-454BC99BCB06}.Release|Any CPU.Build.0 = Release|Any CPU
		{30B70F22-EBDB-4B72-A608-D8CFF2835D2F}.Debug|Any CPU.ActiveCfg = Debug|Any CPU
		{30B70F22-EBDB-4B72-A608-D8CFF2835D2F}.Debug|Any CPU.Build.0 = Debug|Any CPU
		{30B70F22-EBDB-4B72-A608-D8CFF2835D2F}.Release|Any CPU.ActiveCfg = Release|Any CPU
		{30B70F22-EBDB-4B72-A608-D8CFF2835D2F}.Release|Any CPU.Build.0 = Release|Any CPU
		{FB0063EE-6D0A-4110-A534-0D3BC57D392F}.Debug|Any CPU.ActiveCfg = Debug|Any CPU
		{FB0063EE-6D0A-4110-A534-0D3BC57D392F}.Debug|Any CPU.Build.0 = Debug|Any CPU
		{FB0063EE-6D0A-4110-A534-0D3BC57D392F}.Release|Any CPU.ActiveCfg = Release|Any CPU
		{FB0063EE-6D0A-4110-A534-0D3BC57D392F}.Release|Any CPU.Build.0 = Release|Any CPU
		{77405582-C5E8-41D8-8A9D-5CED3680F963}.Debug|Any CPU.ActiveCfg = Debug|Any CPU
		{77405582-C5E8-41D8-8A9D-5CED3680F963}.Debug|Any CPU.Build.0 = Debug|Any CPU
		{77405582-C5E8-41D8-8A9D-5CED3680F963}.Release|Any CPU.ActiveCfg = Release|Any CPU
		{77405582-C5E8-41D8-8A9D-5CED3680F963}.Release|Any CPU.Build.0 = Release|Any CPU
	EndGlobalSection
	GlobalSection(SolutionProperties) = preSolution
		HideSolutionNode = FALSE
	EndGlobalSection
	GlobalSection(ExtensibilityGlobals) = postSolution
		SolutionGuid = {8B356F23-D1EB-4520-86D9-DB6F181C0CA9}
	EndGlobalSection
EndGlobal
